
Microsoft Visual Studio Solution File, Format Version 11.00
# Visual Studio 2010
Project("{FAE04EC0-301F-11D3-BF4B-00C04F79EFBC}") = "ZhinengChaoBiao", "ZhinengChaoBiao\ZhinengChaoBiao.csproj", "{7664BB6A-A80A-4A37-9EF8-A19835139417}"
EndProject
Project("{FAE04EC0-301F-11D3-BF4B-00C04F79EFBC}") = "LJH.ZNCB.Model", "LJH.ZNCB.Model\LJH.ZNCB.Model.csproj", "{3C57CEE1-D25C-42E4-A95E-F44871BBA637}"
EndProject
Project("{FAE04EC0-301F-11D3-BF4B-00C04F79EFBC}") = "LJH.ZNCB.BLL", "LJH.ZNCB.BLL\LJH.ZNCB.BLL.csproj", "{DBE68001-9556-4FEC-9203-9839015C25C6}"
EndProject
Project("{FAE04EC0-301F-11D3-BF4B-00C04F79EFBC}") = "LJH.ZNCB.DAL", "LJH.ZNCB.DAL\LJH.ZNCB.DAL.csproj", "{1A950AED-060F-4AD9-B03C-1355C7B64981}"
EndProject
Project("{FAE04EC0-301F-11D3-BF4B-00C04F79EFBC}") = "LJH.ZNCB.Device", "LJH.ZNCB.Device\LJH.ZNCB.Device.csproj", "{5152894B-621E-4A28-AA0B-BB2752B69F1B}"
EndProject
Global
	GlobalSection(SolutionConfigurationPlatforms) = preSolution
		Debug|Any CPU = Debug|Any CPU
		Debug|Mixed Platforms = Debug|Mixed Platforms
		Debug|x86 = Debug|x86
		Release|Any CPU = Release|Any CPU
		Release|Mixed Platforms = Release|Mixed Platforms
		Release|x86 = Release|x86
	EndGlobalSection
	GlobalSection(ProjectConfigurationPlatforms) = postSolution
		{7664BB6A-A80A-4A37-9EF8-A19835139417}.Debug|Any CPU.ActiveCfg = Debug|x86
		{7664BB6A-A80A-4A37-9EF8-A19835139417}.Debug|Mixed Platforms.ActiveCfg = Debug|x86
		{7664BB6A-A80A-4A37-9EF8-A19835139417}.Debug|Mixed Platforms.Build.0 = Debug|x86
		{7664BB6A-A80A-4A37-9EF8-A19835139417}.Debug|x86.ActiveCfg = Debug|x86
		{7664BB6A-A80A-4A37-9EF8-A19835139417}.Debug|x86.Build.0 = Debug|x86
		{7664BB6A-A80A-4A37-9EF8-A19835139417}.Release|Any CPU.ActiveCfg = Release|x86
		{7664BB6A-A80A-4A37-9EF8-A19835139417}.Release|Mixed Platforms.ActiveCfg = Release|x86
		{7664BB6A-A80A-4A37-9EF8-A19835139417}.Release|Mixed Platforms.Build.0 = Release|x86
		{7664BB6A-A80A-4A37-9EF8-A19835139417}.Release|x86.ActiveCfg = Release|x86
		{7664BB6A-A80A-4A37-9EF8-A19835139417}.Release|x86.Build.0 = Release|x86
		{3C57CEE1-D25C-42E4-A95E-F44871BBA637}.Debug|Any CPU.ActiveCfg = Debug|Any CPU
		{3C57CEE1-D25C-42E4-A95E-F44871BBA637}.Debug|Any CPU.Build.0 = Debug|Any CPU
		{3C57CEE1-D25C-42E4-A95E-F44871BBA637}.Debug|Mixed Platforms.ActiveCfg = Debug|x86
		{3C57CEE1-D25C-42E4-A95E-F44871BBA637}.Debug|Mixed Platforms.Build.0 = Debug|x86
		{3C57CEE1-D25C-42E4-A95E-F44871BBA637}.Debug|x86.ActiveCfg = Debug|Any CPU
		{3C57CEE1-D25C-42E4-A95E-F44871BBA637}.Release|Any CPU.ActiveCfg = Release|Any CPU
		{3C57CEE1-D25C-42E4-A95E-F44871BBA637}.Release|Any CPU.Build.0 = Release|Any CPU
		{3C57CEE1-D25C-42E4-A95E-F44871BBA637}.Release|Mixed Platforms.ActiveCfg = Release|Any CPU
		{3C57CEE1-D25C-42E4-A95E-F44871BBA637}.Release|Mixed Platforms.Build.0 = Release|Any CPU
		{3C57CEE1-D25C-42E4-A95E-F44871BBA637}.Release|x86.ActiveCfg = Release|Any CPU
		{DBE68001-9556-4FEC-9203-9839015C25C6}.Debug|Any CPU.ActiveCfg = Debug|Any CPU
		{DBE68001-9556-4FEC-9203-9839015C25C6}.Debug|Any CPU.Build.0 = Debug|Any CPU
		{DBE68001-9556-4FEC-9203-9839015C25C6}.Debug|Mixed Platforms.ActiveCfg = Debug|x86
		{DBE68001-9556-4FEC-9203-9839015C25C6}.Debug|Mixed Platforms.Build.0 = Debug|x86
		{DBE68001-9556-4FEC-9203-9839015C25C6}.Debug|x86.ActiveCfg = Debug|Any CPU
		{DBE68001-9556-4FEC-9203-9839015C25C6}.Release|Any CPU.ActiveCfg = Release|Any CPU
		{DBE68001-9556-4FEC-9203-9839015C25C6}.Release|Any CPU.Build.0 = Release|Any CPU
		{DBE68001-9556-4FEC-9203-9839015C25C6}.Release|Mixed Platforms.ActiveCfg = Release|Any CPU
		{DBE68001-9556-4FEC-9203-9839015C25C6}.Release|Mixed Platforms.Build.0 = Release|Any CPU
		{DBE68001-9556-4FEC-9203-9839015C25C6}.Release|x86.ActiveCfg = Release|Any CPU
		{1A950AED-060F-4AD9-B03C-1355C7B64981}.Debug|Any CPU.ActiveCfg = Debug|Any CPU
		{1A950AED-060F-4AD9-B03C-1355C7B64981}.Debug|Any CPU.Build.0 = Debug|Any CPU
		{1A950AED-060F-4AD9-B03C-1355C7B64981}.Debug|Mixed Platforms.ActiveCfg = Debug|x86
		{1A950AED-060F-4AD9-B03C-1355C7B64981}.Debug|Mixed Platforms.Build.0 = Debug|x86
		{1A950AED-060F-4AD9-B03C-1355C7B64981}.Debug|x86.ActiveCfg = Debug|Any CPU
		{1A950AED-060F-4AD9-B03C-1355C7B64981}.Release|Any CPU.ActiveCfg = Release|Any CPU
		{1A950AED-060F-4AD9-B03C-1355C7B64981}.Release|Any CPU.Build.0 = Release|Any CPU
		{1A950AED-060F-4AD9-B03C-1355C7B64981}.Release|Mixed Platforms.ActiveCfg = Release|Any CPU
		{1A950AED-060F-4AD9-B03C-1355C7B64981}.Release|Mixed Platforms.Build.0 = Release|Any CPU
		{1A950AED-060F-4AD9-B03C-1355C7B64981}.Release|x86.ActiveCfg = Release|Any CPU
		{5152894B-621E-4A28-AA0B-BB2752B69F1B}.Debug|Any CPU.ActiveCfg = Debug|Any CPU
		{5152894B-621E-4A28-AA0B-BB2752B69F1B}.Debug|Any CPU.Build.0 = Debug|Any CPU
		{5152894B-621E-4A28-AA0B-BB2752B69F1B}.Debug|Mixed Platforms.ActiveCfg = Debug|Any CPU
		{5152894B-621E-4A28-AA0B-BB2752B69F1B}.Debug|Mixed Platforms.Build.0 = Debug|Any CPU
		{5152894B-621E-4A28-AA0B-BB2752B69F1B}.Debug|x86.ActiveCfg = Debug|Any CPU
		{5152894B-621E-4A28-AA0B-BB2752B69F1B}.Release|Any CPU.ActiveCfg = Release|Any CPU
		{5152894B-621E-4A28-AA0B-BB2752B69F1B}.Release|Any CPU.Build.0 = Release|Any CPU
		{5152894B-621E-4A28-AA0B-BB2752B69F1B}.Release|Mixed Platforms.ActiveCfg = Release|Any CPU
		{5152894B-621E-4A28-AA0B-BB2752B69F1B}.Release|Mixed Platforms.Build.0 = Release|Any CPU
		{5152894B-621E-4A28-AA0B-BB2752B69F1B}.Release|x86.ActiveCfg = Release|Any CPU
	EndGlobalSection
	GlobalSection(SolutionProperties) = preSolution
		HideSolutionNode = FALSE
	EndGlobalSection
EndGlobal
